// !$*UTF8*$!
{
	archiveVersion = 1;
	classes = {
	};
	objectVersion = 77;
	objects = {

/* Begin PBXContainerItemProxy section */
		F07C6DB62D955F8A003FFCAF /* PBXContainerItemProxy */ = {
			isa = PBXContainerItemProxy;
			containerPortal = F07C6D942D955F89003FFCAF /* Project object */;
			proxyType = 1;
			remoteGlobalIDString = F07C6D9B2D955F89003FFCAF;
			remoteInfo = AdoptGuillaume;
		};
		F07C6DC02D955F8A003FFCAF /* PBXContainerItemProxy */ = {
			isa = PBXContainerItemProxy;
			containerPortal = F07C6D942D955F89003FFCAF /* Project object */;
			proxyType = 1;
			remoteGlobalIDString = F07C6D9B2D955F89003FFCAF;
			remoteInfo = AdoptGuillaume;
		};
/* End PBXContainerItemProxy section */

/* Begin PBXFileReference section */
		F07C6D9C2D955F89003FFCAF /* AdoptGuillaume.app */ = {isa = PBXFileReference; explicitFileType = wrapper.application; includeInIndex = 0; path = AdoptGuillaume.app; sourceTree = BUILT_PRODUCTS_DIR; };
		F07C6DB52D955F8A003FFCAF /* AdoptGuillaumeTests.xctest */ = {isa = PBXFileReference; explicitFileType = wrapper.cfbundle; includeInIndex = 0; path = AdoptGuillaumeTests.xctest; sourceTree = BUILT_PRODUCTS_DIR; };
		F07C6DBF2D955F8A003FFCAF /* AdoptGuillaumeUITests.xctest */ = {isa = PBXFileReference; explicitFileType = wrapper.cfbundle; includeInIndex = 0; path = AdoptGuillaumeUITests.xctest; sourceTree = BUILT_PRODUCTS_DIR; };
/* End PBXFileReference section */

/* Begin PBXFileSystemSynchronizedBuildFileExceptionSet section */
		F07C6DC72D955F8A003FFCAF /* Exceptions for "AdoptGuillaume" folder in "AdoptGuillaume" target */ = {
			isa = PBXFileSystemSynchronizedBuildFileExceptionSet;
			membershipExceptions = (
				Info.plist,
			);
			target = F07C6D9B2D955F89003FFCAF /* AdoptGuillaume */;
		};
/* End PBXFileSystemSynchronizedBuildFileExceptionSet section */

/* Begin PBXFileSystemSynchronizedRootGroup section */
		F07C6D9E2D955F89003FFCAF /* AdoptGuillaume */ = {
			isa = PBXFileSystemSynchronizedRootGroup;
			exceptions = (
				F07C6DC72D955F8A003FFCAF /* Exceptions for "AdoptGuillaume" folder in "AdoptGuillaume" target */,
			);
			path = AdoptGuillaume;
			sourceTree = "<group>";
		};
		F07C6DB82D955F8A003FFCAF /* AdoptGuillaumeTests */ = {
			isa = PBXFileSystemSynchronizedRootGroup;
			path = AdoptGuillaumeTests;
			sourceTree = "<group>";
		};
		F07C6DC22D955F8A003FFCAF /* AdoptGuillaumeUITests */ = {
			isa = PBXFileSystemSynchronizedRootGroup;
			path = AdoptGuillaumeUITests;
			sourceTree = "<group>";
		};
/* End PBXFileSystemSynchronizedRootGroup section */

/* Begin PBXFrameworksBuildPhase section */
		F07C6D992D955F89003FFCAF /* Frameworks */ = {
			isa = PBXFrameworksBuildPhase;
			buildActionMask = 2147483647;
			files = (
			);
			runOnlyForDeploymentPostprocessing = 0;
		};
		F07C6DB22D955F8A003FFCAF /* Frameworks */ = {
			isa = PBXFrameworksBuildPhase;
			buildActionMask = 2147483647;
			files = (
			);
			runOnlyForDeploymentPostprocessing = 0;
		};
		F07C6DBC2D955F8A003FFCAF /* Frameworks */ = {
			isa = PBXFrameworksBuildPhase;
			buildActionMask = 2147483647;
			files = (
			);
			runOnlyForDeploymentPostprocessing = 0;
		};
/* End PBXFrameworksBuildPhase section */

/* Begin PBXGroup section */
		F07C6D932D955F89003FFCAF = {
			isa = PBXGroup;
			children = (
				F07C6D9E2D955F89003FFCAF /* AdoptGuillaume */,
				F07C6DB82D955F8A003FFCAF /* AdoptGuillaumeTests */,
				F07C6DC22D955F8A003FFCAF /* AdoptGuillaumeUITests */,
				F07C6D9D2D955F89003FFCAF /* Products */,
			);
			sourceTree = "<group>";
		};
		F07C6D9D2D955F89003FFCAF /* Products */ = {
			isa = PBXGroup;
			children = (
				F07C6D9C2D955F89003FFCAF /* AdoptGuillaume.app */,
				F07C6DB52D955F8A003FFCAF /* AdoptGuillaumeTests.xctest */,
				F07C6DBF2D955F8A003FFCAF /* AdoptGuillaumeUITests.xctest */,
			);
			name = Products;
			sourceTree = "<group>";
		};
/* End PBXGroup section */

/* Begin PBXNativeTarget section */
		F07C6D9B2D955F89003FFCAF /* AdoptGuillaume */ = {
			isa = PBXNativeTarget;
			buildConfigurationList = F07C6DC82D955F8A003FFCAF /* Build configuration list for PBXNativeTarget "AdoptGuillaume" */;
			buildPhases = (
				F07C6D982D955F89003FFCAF /* Sources */,
				F07C6D992D955F89003FFCAF /* Frameworks */,
				F07C6D9A2D955F89003FFCAF /* Resources */,
			);
			buildRules = (
			);
			dependencies = (
			);
			fileSystemSynchronizedGroups = (
				F07C6D9E2D955F89003FFCAF /* AdoptGuillaume */,
			);
			name = AdoptGuillaume;
			packageProductDependencies = (
			);
			productName = AdoptGuillaume;
			productReference = F07C6D9C2D955F89003FFCAF /* AdoptGuillaume.app */;
			productType = "com.apple.product-type.application";
		};
		F07C6DB42D955F8A003FFCAF /* AdoptGuillaumeTests */ = {
			isa = PBXNativeTarget;
			buildConfigurationList = F07C6DCD2D955F8A003FFCAF /* Build configuration list for PBXNativeTarget "AdoptGuillaumeTests" */;
			buildPhases = (
				F07C6DB12D955F8A003FFCAF /* Sources */,
				F07C6DB22D955F8A003FFCAF /* Frameworks */,
				F07C6DB32D955F8A003FFCAF /* Resources */,
			);
			buildRules = (
			);
			dependencies = (
				F07C6DB72D955F8A003FFCAF /* PBXTargetDependency */,
			);
			fileSystemSynchronizedGroups = (
				F07C6DB82D955F8A003FFCAF /* AdoptGuillaumeTests */,
			);
			name = AdoptGuillaumeTests;
			packageProductDependencies = (
			);
			productName = AdoptGuillaumeTests;
			productReference = F07C6DB52D955F8A003FFCAF /* AdoptGuillaumeTests.xctest */;
			productType = "com.apple.product-type.bundle.unit-test";
		};
		F07C6DBE2D955F8A003FFCAF /* AdoptGuillaumeUITests */ = {
			isa = PBXNativeTarget;
			buildConfigurationList = F07C6DD02D955F8A003FFCAF /* Build configuration list for PBXNativeTarget "AdoptGuillaumeUITests" */;
			buildPhases = (
				F07C6DBB2D955F8A003FFCAF /* Sources */,
				F07C6DBC2D955F8A003FFCAF /* Frameworks */,
				F07C6DBD2D955F8A003FFCAF /* Resources */,
			);
			buildRules = (
			);
			dependencies = (
				F07C6DC12D955F8A003FFCAF /* PBXTargetDependency */,
			);
			fileSystemSynchronizedGroups = (
				F07C6DC22D955F8A003FFCAF /* AdoptGuillaumeUITests */,
			);
			name = AdoptGuillaumeUITests;
			packageProductDependencies = (
			);
			productName = AdoptGuillaumeUITests;
			productReference = F07C6DBF2D955F8A003FFCAF /* AdoptGuillaumeUITests.xctest */;
			productType = "com.apple.product-type.bundle.ui-testing";
		};
/* End PBXNativeTarget section */

/* Begin PBXProject section */
		F07C6D942D955F89003FFCAF /* Project object */ = {
			isa = PBXProject;
			attributes = {
				BuildIndependentTargetsInParallel = 1;
				LastSwiftUpdateCheck = 1620;
				LastUpgradeCheck = 1620;
				TargetAttributes = {
					F07C6D9B2D955F89003FFCAF = {
						CreatedOnToolsVersion = 16.2;
					};
					F07C6DB42D955F8A003FFCAF = {
						CreatedOnToolsVersion = 16.2;
						TestTargetID = F07C6D9B2D955F89003FFCAF;
					};
					F07C6DBE2D955F8A003FFCAF = {
						CreatedOnToolsVersion = 16.2;
						TestTargetID = F07C6D9B2D955F89003FFCAF;
					};
				};
			};
			buildConfigurationList = F07C6D972D955F89003FFCAF /* Build configuration list for PBXProject "AdoptGuillaume" */;
			developmentRegion = en;
			hasScannedForEncodings = 0;
			knownRegions = (
				en,
				Base,
			);
			mainGroup = F07C6D932D955F89003FFCAF;
			minimizedProjectReferenceProxies = 1;
			preferredProjectObjectVersion = 77;
			productRefGroup = F07C6D9D2D955F89003FFCAF /* Products */;
			projectDirPath = "";
			projectRoot = "";
			targets = (
				F07C6D9B2D955F89003FFCAF /* AdoptGuillaume */,
				F07C6DB42D955F8A003FFCAF /* AdoptGuillaumeTests */,
				F07C6DBE2D955F8A003FFCAF /* AdoptGuillaumeUITests */,
			);
		};
/* End PBXProject section */

/* Begin PBXResourcesBuildPhase section */
		F07C6D9A2D955F89003FFCAF /* Resources */ = {
			isa = PBXResourcesBuildPhase;
			buildActionMask = 2147483647;
			files = (
			);
			runOnlyForDeploymentPostprocessing = 0;
		};
		F07C6DB32D955F8A003FFCAF /* Resources */ = {
			isa = PBXResourcesBuildPhase;
			buildActionMask = 2147483647;
			files = (
			);
			runOnlyForDeploymentPostprocessing = 0;
		};
		F07C6DBD2D955F8A003FFCAF /* Resources */ = {
			isa = PBXResourcesBuildPhase;
			buildActionMask = 2147483647;
			files = (
			);
			runOnlyForDeploymentPostprocessing = 0;
		};
/* End PBXResourcesBuildPhase section */

/* Begin PBXSourcesBuildPhase section */
		F07C6D982D955F89003FFCAF /* Sources */ = {
			isa = PBXSourcesBuildPhase;
			buildActionMask = 2147483647;
			files = (
			);
			runOnlyForDeploymentPostprocessing = 0;
		};
		F07C6DB12D955F8A003FFCAF /* Sources */ = {
			isa = PBXSourcesBuildPhase;
			buildActionMask = 2147483647;
			files = (
			);
			runOnlyForDeploymentPostprocessing = 0;
		};
		F07C6DBB2D955F8A003FFCAF /* Sources */ = {
			isa = PBXSourcesBuildPhase;
			buildActionMask = 2147483647;
			files = (
			);
			runOnlyForDeploymentPostprocessing = 0;
		};
/* End PBXSourcesBuildPhase section */

/* Begin PBXTargetDependency section */
		F07C6DB72D955F8A003FFCAF /* PBXTargetDependency */ = {
			isa = PBXTargetDependency;
			target = F07C6D9B2D955F89003FFCAF /* AdoptGuillaume */;
			targetProxy = F07C6DB62D955F8A003FFCAF /* PBXContainerItemProxy */;
		};
		F07C6DC12D955F8A003FFCAF /* PBXTargetDependency */ = {
			isa = PBXTargetDependency;
			target = F07C6D9B2D955F89003FFCAF /* AdoptGuillaume */;
			targetProxy = F07C6DC02D955F8A003FFCAF /* PBXContainerItemProxy */;
		};
/* End PBXTargetDependency section */

/* Begin XCBuildConfiguration section */
		F07C6DC92D955F8A003FFCAF /* Debug */ = {
			isa = XCBuildConfiguration;
			buildSettings = {
				ASSETCATALOG_COMPILER_APPICON_NAME = AppIcon;
				ASSETCATALOG_COMPILER_GLOBAL_ACCENT_COLOR_NAME = AccentColor;
				CODE_SIGN_STYLE = Automatic;
				CURRENT_PROJECT_VERSION = 1;
				DEVELOPMENT_TEAM = BB3PNSCUG7;
				GENERATE_INFOPLIST_FILE = YES;
				INFOPLIST_FILE = AdoptGuillaume/Info.plist;
				INFOPLIST_KEY_UIApplicationSupportsIndirectInputEvents = YES;
				INFOPLIST_KEY_UILaunchStoryboardName = LaunchScreen;
				INFOPLIST_KEY_UISupportedInterfaceOrientations_iPad = "UIInterfaceOrientationPortrait UIInterfaceOrientationPortraitUpsideDown UIInterfaceOrientationLandscapeLeft UIInterfaceOrientationLandscapeRight";
				INFOPLIST_KEY_UISupportedInterfaceOrientations_iPhone = "UIInterfaceOrientationPortrait UIInterfaceOrientationLandscapeLeft UIInterfaceOrientationLandscapeRight";
				LD_RUNPATH_SEARCH_PATHS = (
					"$(inherited)",
					"@executable_path/Frameworks",
				);
				MARKETING_VERSION = 1.0;
				PRODUCT_BUNDLE_IDENTIFIER = guillaume.AdoptGuillaume;
				PRODUCT_NAME = "$(TARGET_NAME)";
				SUPPORTED_PLATFORMS = "iphoneos iphonesimulator";
				SUPPORTS_MACCATALYST = NO;
				SUPPORTS_MAC_DESIGNED_FOR_IPHONE_IPAD = NO;
				SUPPORTS_XR_DESIGNED_FOR_IPHONE_IPAD = NO;
				SWIFT_EMIT_LOC_STRINGS = YES;
				SWIFT_VERSION = 5.0;
				TARGETED_DEVICE_FAMILY = 1;
			};
			name = Debug;
		};
		F07C6DCA2D955F8A003FFCAF /* Release */ = {
			isa = XCBuildConfiguration;
			buildSettings = {
				ASSETCATALOG_COMPILER_APPICON_NAME = AppIcon;
				ASSETCATALOG_COMPILER_GLOBAL_ACCENT_COLOR_NAME = AccentColor;
				CODE_SIGN_STYLE = Automatic;
				CURRENT_PROJECT_VERSION = 1;
				DEVELOPMENT_TEAM = BB3PNSCUG7;
				GENERATE_INFOPLIST_FILE = YES;
				INFOPLIST_FILE = AdoptGuillaume/Info.plist;
				INFOPLIST_KEY_UIApplicationSupportsIndirectInputEvents = YES;
				INFOPLIST_KEY_UILaunchStoryboardName = LaunchScreen;
				INFOPLIST_KEY_UISupportedInterfaceOrientations_iPad = "UIInterfaceOrientationPortrait UIInterfaceOrientationPortraitUpsideDown UIInterfaceOrientationLandscapeLeft UIInterfaceOrientationLandscapeRight";
				INFOPLIST_KEY_UISupportedInterfaceOrientations_iPhone = "UIInterfaceOrientationPortrait UIInterfaceOrientationLandscapeLeft UIInterfaceOrientationLandscapeRight";
				LD_RUNPATH_SEARCH_PATHS = (
					"$(inherited)",
					"@executable_path/Frameworks",
				);
				MARKETING_VERSION = 1.0;
				PRODUCT_BUNDLE_IDENTIFIER = guillaume.AdoptGuillaume;
				PRODUCT_NAME = "$(TARGET_NAME)";
				SUPPORTED_PLATFORMS = "iphoneos iphonesimulator";
				SUPPORTS_MACCATALYST = NO;
				SUPPORTS_MAC_DESIGNED_FOR_IPHONE_IPAD = NO;
				SUPPORTS_XR_DESIGNED_FOR_IPHONE_IPAD = NO;
				SWIFT_EMIT_LOC_STRINGS = YES;
				SWIFT_VERSION = 5.0;
				TARGETED_DEVICE_FAMILY = 1;
			};
			name = Release;
		};
		F07C6DCB2D955F8A003FFCAF /* Debug */ = {
			isa = XCBuildConfiguration;
			buildSettings = {
				ALWAYS_SEARCH_USER_PATHS = NO;
				ASSETCATALOG_COMPILER_GENERATE_SWIFT_ASSET_SYMBOL_EXTENSIONS = YES;
				CLANG_ANALYZER_NONNULL = YES;
				CLANG_ANALYZER_NUMBER_OBJECT_CONVERSION = YES_AGGRESSIVE;
				CLANG_CXX_LANGUAGE_STANDARD = "gnu++20";
				CLANG_ENABLE_MODULES = YES;
				CLANG_ENABLE_OBJC_ARC = YES;
				CLANG_ENABLE_OBJC_WEAK = YES;
				CLANG_WARN_BLOCK_CAPTURE_AUTORELEASING = YES;
				CLANG_WARN_BOOL_CONVERSION = YES;
				CLANG_WARN_COMMA = YES;
				CLANG_WARN_CONSTANT_CONVERSION = YES;
				CLANG_WARN_DEPRECATED_OBJC_IMPLEMENTATIONS = YES;
				CLANG_WARN_DIRECT_OBJC_ISA_USAGE = YES_ERROR;
				CLANG_WARN_DOCUMENTATION_COMMENTS = YES;
				CLANG_WARN_EMPTY_BODY = YES;
				CLANG_WARN_ENUM_CONVERSION = YES;
				CLANG_WARN_INFINITE_RECURSION = YES;
				CLANG_WARN_INT_CONVERSION = YES;
				CLANG_WARN_NON_LITERAL_NULL_CONVERSION = YES;
				CLANG_WARN_OBJC_IMPLICIT_RETAIN_SELF = YES;
				CLANG_WARN_OBJC_LITERAL_CONVERSION = YES;
				CLANG_WARN_OBJC_ROOT_CLASS = YES_ERROR;
				CLANG_WARN_QUOTED_INCLUDE_IN_FRAMEWORK_HEADER = YES;
				CLANG_WARN_RANGE_LOOP_ANALYSIS = YES;
				CLANG_WARN_STRICT_PROTOTYPES = YES;
				CLANG_WARN_SUSPICIOUS_MOVE = YES;
				CLANG_WARN_UNGUARDED_AVAILABILITY = YES_AGGRESSIVE;
				CLANG_WARN_UNREACHABLE_CODE = YES;
				CLANG_WARN__DUPLICATE_METHOD_MATCH = YES;
				COPY_PHASE_STRIP = NO;
				DEBUG_INFORMATION_FORMAT = dwarf;
				ENABLE_STRICT_OBJC_MSGSEND = YES;
				ENABLE_TESTABILITY = YES;
				ENABLE_USER_SCRIPT_SANDBOXING = YES;
				GCC_C_LANGUAGE_STANDARD = gnu17;
				GCC_DYNAMIC_NO_PIC = NO;
				GCC_NO_COMMON_BLOCKS = YES;
				GCC_OPTIMIZATION_LEVEL = 0;
				GCC_PREPROCESSOR_DEFINITIONS = (
					"DEBUG=1",
					"$(inherited)",
				);
				GCC_WARN_64_TO_32_BIT_CONVERSION = YES;
				GCC_WARN_ABOUT_RETURN_TYPE = YES_ERROR;
				GCC_WARN_UNDECLARED_SELECTOR = YES;
				GCC_WARN_UNINITIALIZED_AUTOS = YES_AGGRESSIVE;
				GCC_WARN_UNUSED_FUNCTION = YES;
				GCC_WARN_UNUSED_VARIABLE = YES;
				IPHONEOS_DEPLOYMENT_TARGET = 18.2;
				LOCALIZATION_PREFERS_STRING_CATALOGS = YES;
				MTL_ENABLE_DEBUG_INFO = INCLUDE_SOURCE;
				MTL_FAST_MATH = YES;
				ONLY_ACTIVE_ARCH = YES;
				SDKROOT = iphoneos;
				SWIFT_ACTIVE_COMPILATION_CONDITIONS = "DEBUG $(inherited)";
				SWIFT_OPTIMIZATION_LEVEL = "-Onone";
			};
			name = Debug;
		};
		F07C6DCC2D955F8A003FFCAF /* Release */ = {
			isa = XCBuildConfiguration;
			buildSettings = {
				ALWAYS_SEARCH_USER_PATHS = NO;
				ASSETCATALOG_COMPILER_GENERATE_SWIFT_ASSET_SYMBOL_EXTENSIONS = YES;
				CLANG_ANALYZER_NONNULL = YES;
				CLANG_ANALYZER_NUMBER_OBJECT_CONVERSION = YES_AGGRESSIVE;
				CLANG_CXX_LANGUAGE_STANDARD = "gnu++20";
				CLANG_ENABLE_MODULES = YES;
				CLANG_ENABLE_OBJC_ARC = YES;
				CLANG_ENABLE_OBJC_WEAK = YES;
				CLANG_WARN_BLOCK_CAPTURE_AUTORELEASING = YES;
				CLANG_WARN_BOOL_CONVERSION = YES;
				CLANG_WARN_COMMA = YES;
				CLANG_WARN_CONSTANT_CONVERSION = YES;
				CLANG_WARN_DEPRECATED_OBJC_IMPLEMENTATIONS = YES;
				CLANG_WARN_DIRECT_OBJC_ISA_USAGE = YES_ERROR;
				CLANG_WARN_DOCUMENTATION_COMMENTS = YES;
				CLANG_WARN_EMPTY_BODY = YES;
				CLANG_WARN_ENUM_CONVERSION = YES;
				CLANG_WARN_INFINITE_RECURSION = YES;
				CLANG_WARN_INT_CONVERSION = YES;
				CLANG_WARN_NON_LITERAL_NULL_CONVERSION = YES;
				CLANG_WARN_OBJC_IMPLICIT_RETAIN_SELF = YES;
				CLANG_WARN_OBJC_LITERAL_CONVERSION = YES;
				CLANG_WARN_OBJC_ROOT_CLASS = YES_ERROR;
				CLANG_WARN_QUOTED_INCLUDE_IN_FRAMEWORK_HEADER = YES;
				CLANG_WARN_RANGE_LOOP_ANALYSIS = YES;
				CLANG_WARN_STRICT_PROTOTYPES = YES;
				CLANG_WARN_SUSPICIOUS_MOVE = YES;
				CLANG_WARN_UNGUARDED_AVAILABILITY = YES_AGGRESSIVE;
				CLANG_WARN_UNREACHABLE_CODE = YES;
				CLANG_WARN__DUPLICATE_METHOD_MATCH = YES;
				COPY_PHASE_STRIP = NO;
				DEBUG_INFORMATION_FORMAT = "dwarf-with-dsym";
				ENABLE_NS_ASSERTIONS = NO;
				ENABLE_STRICT_OBJC_MSGSEND = YES;
				ENABLE_USER_SCRIPT_SANDBOXING = YES;
				GCC_C_LANGUAGE_STANDARD = gnu17;
				GCC_NO_COMMON_BLOCKS = YES;
				GCC_WARN_64_TO_32_BIT_CONVERSION = YES;
				GCC_WARN_ABOUT_RETURN_TYPE = YES_ERROR;
				GCC_WARN_UNDECLARED_SELECTOR = YES;
				GCC_WARN_UNINITIALIZED_AUTOS = YES_AGGRESSIVE;
				GCC_WARN_UNUSED_FUNCTION = YES;
				GCC_WARN_UNUSED_VARIABLE = YES;
				IPHONEOS_DEPLOYMENT_TARGET = 18.2;
				LOCALIZATION_PREFERS_STRING_CATALOGS = YES;
				MTL_ENABLE_DEBUG_INFO = NO;
				MTL_FAST_MATH = YES;
				SDKROOT = iphoneos;
				SWIFT_COMPILATION_MODE = wholemodule;
				VALIDATE_PRODUCT = YES;
			};
			name = Release;
		};
		F07C6DCE2D955F8A003FFCAF /* Debug */ = {
			isa = XCBuildConfiguration;
			buildSettings = {
				BUNDLE_LOADER = "$(TEST_HOST)";
				CODE_SIGN_STYLE = Automatic;
				CURRENT_PROJECT_VERSION = 1;
				DEVELOPMENT_TEAM = BB3PNSCUG7;
				GENERATE_INFOPLIST_FILE = YES;
				IPHONEOS_DEPLOYMENT_TARGET = 18.2;
				MARKETING_VERSION = 1.0;
				PRODUCT_BUNDLE_IDENTIFIER = guillaume.AdoptGuillaumeTests;
				PRODUCT_NAME = "$(TARGET_NAME)";
				SWIFT_EMIT_LOC_STRINGS = NO;
				SWIFT_VERSION = 5.0;
				TARGETED_DEVICE_FAMILY = "1,2";
				TEST_HOST = "$(BUILT_PRODUCTS_DIR)/AdoptGuillaume.app/$(BUNDLE_EXECUTABLE_FOLDER_PATH)/AdoptGuillaume";
			};
			name = Debug;
		};
		F07C6DCF2D955F8A003FFCAF /* Release */ = {
			isa = XCBuildConfiguration;
			buildSettings = {
				BUNDLE_LOADER = "$(TEST_HOST)";
				CODE_SIGN_STYLE = Automatic;
				CURRENT_PROJECT_VERSION = 1;
				DEVELOPMENT_TEAM = BB3PNSCUG7;
				GENERATE_INFOPLIST_FILE = YES;
				IPHONEOS_DEPLOYMENT_TARGET = 18.2;
				MARKETING_VERSION = 1.0;
				PRODUCT_BUNDLE_IDENTIFIER = guillaume.AdoptGuillaumeTests;
				PRODUCT_NAME = "$(TARGET_NAME)";
				SWIFT_EMIT_LOC_STRINGS = NO;
				SWIFT_VERSION = 5.0;
				TARGETED_DEVICE_FAMILY = "1,2";
				TEST_HOST = "$(BUILT_PRODUCTS_DIR)/AdoptGuillaume.app/$(BUNDLE_EXECUTABLE_FOLDER_PATH)/AdoptGuillaume";
			};
			name = Release;
		};
		F07C6DD12D955F8A003FFCAF /* Debug */ = {
			isa = XCBuildConfiguration;
			buildSettings = {
				CODE_SIGN_STYLE = Automatic;
				CURRENT_PROJECT_VERSION = 1;
				DEVELOPMENT_TEAM = BB3PNSCUG7;
				GENERATE_INFOPLIST_FILE = YES;
				MARKETING_VERSION = 1.0;
				PRODUCT_BUNDLE_IDENTIFIER = guillaume.AdoptGuillaumeUITests;
				PRODUCT_NAME = "$(TARGET_NAME)";
				SWIFT_EMIT_LOC_STRINGS = NO;
				SWIFT_VERSION = 5.0;
				TARGETED_DEVICE_FAMILY = "1,2";
				TEST_TARGET_NAME = AdoptGuillaume;
			};
			name = Debug;
		};
		F07C6DD22D955F8A003FFCAF /* Release */ = {
			isa = XCBuildConfiguration;
			buildSettings = {
				CODE_SIGN_STYLE = Automatic;
				CURRENT_PROJECT_VERSION = 1;
				DEVELOPMENT_TEAM = BB3PNSCUG7;
				GENERATE_INFOPLIST_FILE = YES;
				MARKETING_VERSION = 1.0;
				PRODUCT_BUNDLE_IDENTIFIER = guillaume.AdoptGuillaumeUITests;
				PRODUCT_NAME = "$(TARGET_NAME)";
				SWIFT_EMIT_LOC_STRINGS = NO;
				SWIFT_VERSION = 5.0;
				TARGETED_DEVICE_FAMILY = "1,2";
				TEST_TARGET_NAME = AdoptGuillaume;
			};
			name = Release;
		};
/* End XCBuildConfiguration section */

/* Begin XCConfigurationList section */
		F07C6D972D955F89003FFCAF /* Build configuration list for PBXProject "AdoptGuillaume" */ = {
			isa = XCConfigurationList;
			buildConfigurations = (
				F07C6DCB2D955F8A003FFCAF /* Debug */,
				F07C6DCC2D955F8A003FFCAF /* Release */,
			);
			defaultConfigurationIsVisible = 0;
			defaultConfigurationName = Release;
		};
		F07C6DC82D955F8A003FFCAF /* Build configuration list for PBXNativeTarget "AdoptGuillaume" */ = {
			isa = XCConfigurationList;
			buildConfigurations = (
				F07C6DC92D955F8A003FFCAF /* Debug */,
				F07C6DCA2D955F8A003FFCAF /* Release */,
			);
			defaultConfigurationIsVisible = 0;
			defaultConfigurationName = Release;
		};
		F07C6DCD2D955F8A003FFCAF /* Build configuration list for PBXNativeTarget "AdoptGuillaumeTests" */ = {
			isa = XCConfigurationList;
			buildConfigurations = (
				F07C6DCE2D955F8A003FFCAF /* Debug */,
				F07C6DCF2D955F8A003FFCAF /* Release */,
			);
			defaultConfigurationIsVisible = 0;
			defaultConfigurationName = Release;
		};
		F07C6DD02D955F8A003FFCAF /* Build configuration list for PBXNativeTarget "AdoptGuillaumeUITests" */ = {
			isa = XCConfigurationList;
			buildConfigurations = (
				F07C6DD12D955F8A003FFCAF /* Debug */,
				F07C6DD22D955F8A003FFCAF /* Release */,
			);
			defaultConfigurationIsVisible = 0;
			defaultConfigurationName = Release;
		};
/* End XCConfigurationList section */
	};
	rootObject = F07C6D942D955F89003FFCAF /* Project object */;
}
